// !$*UTF8*$!
{
	archiveVersion = 1;
	classes = {
	};
	objectVersion = 56;
	objects = {

/* Begin PBXBuildFile section */
		3FA2EA022BD1F8BF00AB3EF6 /* LandmarkRow.swift in Sources */ = {isa = PBXBuildFile; fileRef = 3FA2EA012BD1F8BF00AB3EF6 /* LandmarkRow.swift */; };
		3FA2EA042BD1FEBB00AB3EF6 /* LandmarkList.swift in Sources */ = {isa = PBXBuildFile; fileRef = 3FA2EA032BD1FEBB00AB3EF6 /* LandmarkList.swift */; };
		3FA2EA062BD2018100AB3EF6 /* LandmarkDetail.swift in Sources */ = {isa = PBXBuildFile; fileRef = 3FA2EA052BD2018100AB3EF6 /* LandmarkDetail.swift */; };
		3FA2EA082BD219FD00AB3EF6 /* FavoriteButton.swift in Sources */ = {isa = PBXBuildFile; fileRef = 3FA2EA072BD219FD00AB3EF6 /* FavoriteButton.swift */; };
		3FB733602BDA0D9700F472F0 /* HexagonParameters.swift in Sources */ = {isa = PBXBuildFile; fileRef = 3FB7335F2BDA0D9700F472F0 /* HexagonParameters.swift */; };
		3FB733622BDA0EA400F472F0 /* BadgeBackground.swift in Sources */ = {isa = PBXBuildFile; fileRef = 3FB733612BDA0EA400F472F0 /* BadgeBackground.swift */; };
		3FB733642BDA134F00F472F0 /* BadgeSymbol.swift in Sources */ = {isa = PBXBuildFile; fileRef = 3FB733632BDA134F00F472F0 /* BadgeSymbol.swift */; };
		3FB733662BDA140C00F472F0 /* RotatedBadgeSymbol.swift in Sources */ = {isa = PBXBuildFile; fileRef = 3FB733652BDA140C00F472F0 /* RotatedBadgeSymbol.swift */; };
		3FB733682BDA149A00F472F0 /* Badge.swift in Sources */ = {isa = PBXBuildFile; fileRef = 3FB733672BDA149A00F472F0 /* Badge.swift */; };
		3FB7336B2BDA16AA00F472F0 /* hikeData.json in Resources */ = {isa = PBXBuildFile; fileRef = 3FB7336A2BDA16AA00F472F0 /* hikeData.json */; };
		3FB7336D2BDA16D800F472F0 /* Hike.swift in Sources */ = {isa = PBXBuildFile; fileRef = 3FB7336C2BDA16D800F472F0 /* Hike.swift */; };
		3FB733732BDA180600F472F0 /* GraphCapsule.swift in Sources */ = {isa = PBXBuildFile; fileRef = 3FB7336E2BDA180600F472F0 /* GraphCapsule.swift */; };
		3FB733742BDA180600F472F0 /* HikeDetail.swift in Sources */ = {isa = PBXBuildFile; fileRef = 3FB7336F2BDA180600F472F0 /* HikeDetail.swift */; };
		3FB733752BDA180600F472F0 /* HikeGraph.swift in Sources */ = {isa = PBXBuildFile; fileRef = 3FB733702BDA180600F472F0 /* HikeGraph.swift */; };
		3FB733762BDA180600F472F0 /* HikeView.swift in Sources */ = {isa = PBXBuildFile; fileRef = 3FB733712BDA180600F472F0 /* HikeView.swift */; };
		3FFD3CC52BD0DB46005D1138 /* LandmarksApp.swift in Sources */ = {isa = PBXBuildFile; fileRef = 3FFD3CC42BD0DB46005D1138 /* LandmarksApp.swift */; };
		3FFD3CC72BD0DB46005D1138 /* ContentView.swift in Sources */ = {isa = PBXBuildFile; fileRef = 3FFD3CC62BD0DB46005D1138 /* ContentView.swift */; };
		3FFD3CC92BD0DB47005D1138 /* Assets.xcassets in Resources */ = {isa = PBXBuildFile; fileRef = 3FFD3CC82BD0DB47005D1138 /* Assets.xcassets */; };
		3FFD3CCC2BD0DB47005D1138 /* Preview Assets.xcassets in Resources */ = {isa = PBXBuildFile; fileRef = 3FFD3CCB2BD0DB47005D1138 /* Preview Assets.xcassets */; };
		3FFD3CD62BD0DB48005D1138 /* LandmarksTests.swift in Sources */ = {isa = PBXBuildFile; fileRef = 3FFD3CD52BD0DB48005D1138 /* LandmarksTests.swift */; };
		3FFD3CE02BD0DB48005D1138 /* LandmarksUITests.swift in Sources */ = {isa = PBXBuildFile; fileRef = 3FFD3CDF2BD0DB48005D1138 /* LandmarksUITests.swift */; };
		3FFD3CE22BD0DB48005D1138 /* LandmarksUITestsLaunchTests.swift in Sources */ = {isa = PBXBuildFile; fileRef = 3FFD3CE12BD0DB48005D1138 /* LandmarksUITestsLaunchTests.swift */; };
		3FFD3CF12BD0E740005D1138 /* CircleImage.swift in Sources */ = {isa = PBXBuildFile; fileRef = 3FFD3CF02BD0E740005D1138 /* CircleImage.swift */; };
		3FFD3CF32BD0E840005D1138 /* MapView.swift in Sources */ = {isa = PBXBuildFile; fileRef = 3FFD3CF22BD0E840005D1138 /* MapView.swift */; };
		3FFD3CF52BD0EF93005D1138 /* landmarkData.json in Resources */ = {isa = PBXBuildFile; fileRef = 3FFD3CF42BD0EF93005D1138 /* landmarkData.json */; };
		3FFD3CF72BD0EFDA005D1138 /* Landmark.swift in Sources */ = {isa = PBXBuildFile; fileRef = 3FFD3CF62BD0EFDA005D1138 /* Landmark.swift */; };
		3FFD3CF92BD0F3F5005D1138 /* ModelData.swift in Sources */ = {isa = PBXBuildFile; fileRef = 3FFD3CF82BD0F3F5005D1138 /* ModelData.swift */; };
/* End PBXBuildFile section */

/* Begin PBXContainerItemProxy section */
		3FFD3CD22BD0DB48005D1138 /* PBXContainerItemProxy */ = {
			isa = PBXContainerItemProxy;
			containerPortal = 3FFD3CB92BD0DB46005D1138 /* Project object */;
			proxyType = 1;
			remoteGlobalIDString = 3FFD3CC02BD0DB46005D1138;
			remoteInfo = Landmarks;
		};
		3FFD3CDC2BD0DB48005D1138 /* PBXContainerItemProxy */ = {
			isa = PBXContainerItemProxy;
			containerPortal = 3FFD3CB92BD0DB46005D1138 /* Project object */;
			proxyType = 1;
			remoteGlobalIDString = 3FFD3CC02BD0DB46005D1138;
			remoteInfo = Landmarks;
		};
/* End PBXContainerItemProxy section */

/* Begin PBXFileReference section */
		3FA2EA012BD1F8BF00AB3EF6 /* LandmarkRow.swift */ = {isa = PBXFileReference; lastKnownFileType = sourcecode.swift; path = LandmarkRow.swift; sourceTree = "<group>"; };
		3FA2EA032BD1FEBB00AB3EF6 /* LandmarkList.swift */ = {isa = PBXFileReference; lastKnownFileType = sourcecode.swift; path = LandmarkList.swift; sourceTree = "<group>"; };
		3FA2EA052BD2018100AB3EF6 /* LandmarkDetail.swift */ = {isa = PBXFileReference; lastKnownFileType = sourcecode.swift; path = LandmarkDetail.swift; sourceTree = "<group>"; };
		3FA2EA072BD219FD00AB3EF6 /* FavoriteButton.swift */ = {isa = PBXFileReference; lastKnownFileType = sourcecode.swift; path = FavoriteButton.swift; sourceTree = "<group>"; };
		3FB7335F2BDA0D9700F472F0 /* HexagonParameters.swift */ = {isa = PBXFileReference; lastKnownFileType = sourcecode.swift; path = HexagonParameters.swift; sourceTree = "<group>"; };
		3FB733612BDA0EA400F472F0 /* BadgeBackground.swift */ = {isa = PBXFileReference; lastKnownFileType = sourcecode.swift; path = BadgeBackground.swift; sourceTree = "<group>"; };
		3FB733632BDA134F00F472F0 /* BadgeSymbol.swift */ = {isa = PBXFileReference; lastKnownFileType = sourcecode.swift; path = BadgeSymbol.swift; sourceTree = "<group>"; };
		3FB733652BDA140C00F472F0 /* RotatedBadgeSymbol.swift */ = {isa = PBXFileReference; lastKnownFileType = sourcecode.swift; path = RotatedBadgeSymbol.swift; sourceTree = "<group>"; };
		3FB733672BDA149A00F472F0 /* Badge.swift */ = {isa = PBXFileReference; lastKnownFileType = sourcecode.swift; path = Badge.swift; sourceTree = "<group>"; };
		3FB7336A2BDA16AA00F472F0 /* hikeData.json */ = {isa = PBXFileReference; fileEncoding = 4; lastKnownFileType = text.json; path = hikeData.json; sourceTree = "<group>"; };
		3FB7336C2BDA16D800F472F0 /* Hike.swift */ = {isa = PBXFileReference; lastKnownFileType = sourcecode.swift; path = Hike.swift; sourceTree = "<group>"; };
		3FB7336E2BDA180600F472F0 /* GraphCapsule.swift */ = {isa = PBXFileReference; fileEncoding = 4; lastKnownFileType = sourcecode.swift; path = GraphCapsule.swift; sourceTree = "<group>"; };
		3FB7336F2BDA180600F472F0 /* HikeDetail.swift */ = {isa = PBXFileReference; fileEncoding = 4; lastKnownFileType = sourcecode.swift; path = HikeDetail.swift; sourceTree = "<group>"; };
		3FB733702BDA180600F472F0 /* HikeGraph.swift */ = {isa = PBXFileReference; fileEncoding = 4; lastKnownFileType = sourcecode.swift; path = HikeGraph.swift; sourceTree = "<group>"; };
		3FB733712BDA180600F472F0 /* HikeView.swift */ = {isa = PBXFileReference; fileEncoding = 4; lastKnownFileType = sourcecode.swift; path = HikeView.swift; sourceTree = "<group>"; };
		3FFD3CC12BD0DB46005D1138 /* Landmarks.app */ = {isa = PBXFileReference; explicitFileType = wrapper.application; includeInIndex = 0; path = Landmarks.app; sourceTree = BUILT_PRODUCTS_DIR; };
		3FFD3CC42BD0DB46005D1138 /* LandmarksApp.swift */ = {isa = PBXFileReference; lastKnownFileType = sourcecode.swift; path = LandmarksApp.swift; sourceTree = "<group>"; };
		3FFD3CC62BD0DB46005D1138 /* ContentView.swift */ = {isa = PBXFileReference; lastKnownFileType = sourcecode.swift; path = ContentView.swift; sourceTree = "<group>"; };
		3FFD3CC82BD0DB47005D1138 /* Assets.xcassets */ = {isa = PBXFileReference; lastKnownFileType = folder.assetcatalog; path = Assets.xcassets; sourceTree = "<group>"; };
		3FFD3CCB2BD0DB47005D1138 /* Preview Assets.xcassets */ = {isa = PBXFileReference; lastKnownFileType = folder.assetcatalog; path = "Preview Assets.xcassets"; sourceTree = "<group>"; };
		3FFD3CD12BD0DB48005D1138 /* LandmarksTests.xctest */ = {isa = PBXFileReference; explicitFileType = wrapper.cfbundle; includeInIndex = 0; path = LandmarksTests.xctest; sourceTree = BUILT_PRODUCTS_DIR; };
		3FFD3CD52BD0DB48005D1138 /* LandmarksTests.swift */ = {isa = PBXFileReference; lastKnownFileType = sourcecode.swift; path = LandmarksTests.swift; sourceTree = "<group>"; };
		3FFD3CDB2BD0DB48005D1138 /* LandmarksUITests.xctest */ = {isa = PBXFileReference; explicitFileType = wrapper.cfbundle; includeInIndex = 0; path = LandmarksUITests.xctest; sourceTree = BUILT_PRODUCTS_DIR; };
		3FFD3CDF2BD0DB48005D1138 /* LandmarksUITests.swift */ = {isa = PBXFileReference; lastKnownFileType = sourcecode.swift; path = LandmarksUITests.swift; sourceTree = "<group>"; };
		3FFD3CE12BD0DB48005D1138 /* LandmarksUITestsLaunchTests.swift */ = {isa = PBXFileReference; lastKnownFileType = sourcecode.swift; path = LandmarksUITestsLaunchTests.swift; sourceTree = "<group>"; };
		3FFD3CF02BD0E740005D1138 /* CircleImage.swift */ = {isa = PBXFileReference; lastKnownFileType = sourcecode.swift; path = CircleImage.swift; sourceTree = "<group>"; };
		3FFD3CF22BD0E840005D1138 /* MapView.swift */ = {isa = PBXFileReference; lastKnownFileType = sourcecode.swift; path = MapView.swift; sourceTree = "<group>"; };
		3FFD3CF42BD0EF93005D1138 /* landmarkData.json */ = {isa = PBXFileReference; fileEncoding = 4; lastKnownFileType = text.json; path = landmarkData.json; sourceTree = "<group>"; };
		3FFD3CF62BD0EFDA005D1138 /* Landmark.swift */ = {isa = PBXFileReference; lastKnownFileType = sourcecode.swift; path = Landmark.swift; sourceTree = "<group>"; };
		3FFD3CF82BD0F3F5005D1138 /* ModelData.swift */ = {isa = PBXFileReference; lastKnownFileType = sourcecode.swift; path = ModelData.swift; sourceTree = "<group>"; };
/* End PBXFileReference section */

/* Begin PBXFrameworksBuildPhase section */
		3FFD3CBE2BD0DB46005D1138 /* Frameworks */ = {
			isa = PBXFrameworksBuildPhase;
			buildActionMask = 2147483647;
			files = (
			);
			runOnlyForDeploymentPostprocessing = 0;
		};
		3FFD3CCE2BD0DB48005D1138 /* Frameworks */ = {
			isa = PBXFrameworksBuildPhase;
			buildActionMask = 2147483647;
			files = (
			);
			runOnlyForDeploymentPostprocessing = 0;
		};
		3FFD3CD82BD0DB48005D1138 /* Frameworks */ = {
			isa = PBXFrameworksBuildPhase;
			buildActionMask = 2147483647;
			files = (
			);
			runOnlyForDeploymentPostprocessing = 0;
		};
/* End PBXFrameworksBuildPhase section */

/* Begin PBXGroup section */
		3FA2E9FE2BD1F81700AB3EF6 /* Views */ = {
			isa = PBXGroup;
			children = (
				3FFD3CC62BD0DB46005D1138 /* ContentView.swift */,
				3FA2EA092BD21B9800AB3EF6 /* Landmarks */,
				3FB733692BDA155C00F472F0 /* Badges */,
				3FB733722BDA180600F472F0 /* Hikes */,
				3FA2EA0A2BD21BA400AB3EF6 /* Helper */,
			);
			path = Views;
			sourceTree = "<group>";
		};
		3FA2E9FF2BD1F83E00AB3EF6 /* Model */ = {
			isa = PBXGroup;
			children = (
				3FB7336C2BDA16D800F472F0 /* Hike.swift */,
				3FFD3CF62BD0EFDA005D1138 /* Landmark.swift */,
				3FFD3CF82BD0F3F5005D1138 /* ModelData.swift */,
			);
			path = Model;
			sourceTree = "<group>";
		};
		3FA2EA002BD1F86300AB3EF6 /* Resources */ = {
			isa = PBXGroup;
			children = (
				3FFD3CF42BD0EF93005D1138 /* landmarkData.json */,
				3FFD3CC42BD0DB46005D1138 /* LandmarksApp.swift */,
				3FB7336A2BDA16AA00F472F0 /* hikeData.json */,
			);
			path = Resources;
			sourceTree = "<group>";
		};
		3FA2EA092BD21B9800AB3EF6 /* Landmarks */ = {
			isa = PBXGroup;
			children = (
				3FA2EA032BD1FEBB00AB3EF6 /* LandmarkList.swift */,
				3FA2EA012BD1F8BF00AB3EF6 /* LandmarkRow.swift */,
				3FA2EA052BD2018100AB3EF6 /* LandmarkDetail.swift */,
			);
			path = Landmarks;
			sourceTree = "<group>";
		};
		3FA2EA0A2BD21BA400AB3EF6 /* Helper */ = {
			isa = PBXGroup;
			children = (
				3FFD3CF02BD0E740005D1138 /* CircleImage.swift */,
				3FFD3CF22BD0E840005D1138 /* MapView.swift */,
				3FA2EA072BD219FD00AB3EF6 /* FavoriteButton.swift */,
			);
			path = Helper;
			sourceTree = "<group>";
		};
		3FB733692BDA155C00F472F0 /* Badges */ = {
			isa = PBXGroup;
			children = (
				3FB733672BDA149A00F472F0 /* Badge.swift */,
				3FB733612BDA0EA400F472F0 /* BadgeBackground.swift */,
				3FB733632BDA134F00F472F0 /* BadgeSymbol.swift */,
				3FB733652BDA140C00F472F0 /* RotatedBadgeSymbol.swift */,
				3FB7335F2BDA0D9700F472F0 /* HexagonParameters.swift */,
			);
			path = Badges;
			sourceTree = "<group>";
		};
		3FB733722BDA180600F472F0 /* Hikes */ = {
			isa = PBXGroup;
			children = (
				3FB7336E2BDA180600F472F0 /* GraphCapsule.swift */,
				3FB7336F2BDA180600F472F0 /* HikeDetail.swift */,
				3FB733702BDA180600F472F0 /* HikeGraph.swift */,
				3FB733712BDA180600F472F0 /* HikeView.swift */,
			);
			path = Hikes;
			sourceTree = "<group>";
		};
		3FFD3CB82BD0DB46005D1138 = {
			isa = PBXGroup;
			children = (
				3FFD3CC32BD0DB46005D1138 /* Landmarks */,
				3FFD3CD42BD0DB48005D1138 /* LandmarksTests */,
				3FFD3CDE2BD0DB48005D1138 /* LandmarksUITests */,
				3FFD3CC22BD0DB46005D1138 /* Products */,
			);
			sourceTree = "<group>";
		};
		3FFD3CC22BD0DB46005D1138 /* Products */ = {
			isa = PBXGroup;
			children = (
				3FFD3CC12BD0DB46005D1138 /* Landmarks.app */,
				3FFD3CD12BD0DB48005D1138 /* LandmarksTests.xctest */,
				3FFD3CDB2BD0DB48005D1138 /* LandmarksUITests.xctest */,
			);
			name = Products;
			sourceTree = "<group>";
		};
		3FFD3CC32BD0DB46005D1138 /* Landmarks */ = {
			isa = PBXGroup;
			children = (
				3FA2E9FE2BD1F81700AB3EF6 /* Views */,
				3FA2E9FF2BD1F83E00AB3EF6 /* Model */,
				3FA2EA002BD1F86300AB3EF6 /* Resources */,
				3FFD3CC82BD0DB47005D1138 /* Assets.xcassets */,
				3FFD3CCA2BD0DB47005D1138 /* Preview Content */,
			);
			path = Landmarks;
			sourceTree = "<group>";
		};
		3FFD3CCA2BD0DB47005D1138 /* Preview Content */ = {
			isa = PBXGroup;
			children = (
				3FFD3CCB2BD0DB47005D1138 /* Preview Assets.xcassets */,
			);
			path = "Preview Content";
			sourceTree = "<group>";
		};
		3FFD3CD42BD0DB48005D1138 /* LandmarksTests */ = {
			isa = PBXGroup;
			children = (
				3FFD3CD52BD0DB48005D1138 /* LandmarksTests.swift */,
			);
			path = LandmarksTests;
			sourceTree = "<group>";
		};
		3FFD3CDE2BD0DB48005D1138 /* LandmarksUITests */ = {
			isa = PBXGroup;
			children = (
				3FFD3CDF2BD0DB48005D1138 /* LandmarksUITests.swift */,
				3FFD3CE12BD0DB48005D1138 /* LandmarksUITestsLaunchTests.swift */,
			);
			path = LandmarksUITests;
			sourceTree = "<group>";
		};
/* End PBXGroup section */

/* Begin PBXNativeTarget section */
		3FFD3CC02BD0DB46005D1138 /* Landmarks */ = {
			isa = PBXNativeTarget;
			buildConfigurationList = 3FFD3CE52BD0DB48005D1138 /* Build configuration list for PBXNativeTarget "Landmarks" */;
			buildPhases = (
				3FFD3CBD2BD0DB46005D1138 /* Sources */,
				3FFD3CBE2BD0DB46005D1138 /* Frameworks */,
				3FFD3CBF2BD0DB46005D1138 /* Resources */,
			);
			buildRules = (
			);
			dependencies = (
			);
			name = Landmarks;
			productName = Landmarks;
			productReference = 3FFD3CC12BD0DB46005D1138 /* Landmarks.app */;
			productType = "com.apple.product-type.application";
		};
		3FFD3CD02BD0DB48005D1138 /* LandmarksTests */ = {
			isa = PBXNativeTarget;
			buildConfigurationList = 3FFD3CE82BD0DB48005D1138 /* Build configuration list for PBXNativeTarget "LandmarksTests" */;
			buildPhases = (
				3FFD3CCD2BD0DB48005D1138 /* Sources */,
				3FFD3CCE2BD0DB48005D1138 /* Frameworks */,
				3FFD3CCF2BD0DB48005D1138 /* Resources */,
			);
			buildRules = (
			);
			dependencies = (
				3FFD3CD32BD0DB48005D1138 /* PBXTargetDependency */,
			);
			name = LandmarksTests;
			productName = LandmarksTests;
			productReference = 3FFD3CD12BD0DB48005D1138 /* LandmarksTests.xctest */;
			productType = "com.apple.product-type.bundle.unit-test";
		};
		3FFD3CDA2BD0DB48005D1138 /* LandmarksUITests */ = {
			isa = PBXNativeTarget;
			buildConfigurationList = 3FFD3CEB2BD0DB48005D1138 /* Build configuration list for PBXNativeTarget "LandmarksUITests" */;
			buildPhases = (
				3FFD3CD72BD0DB48005D1138 /* Sources */,
				3FFD3CD82BD0DB48005D1138 /* Frameworks */,
				3FFD3CD92BD0DB48005D1138 /* Resources */,
			);
			buildRules = (
			);
			dependencies = (
				3FFD3CDD2BD0DB48005D1138 /* PBXTargetDependency */,
			);
			name = LandmarksUITests;
			productName = LandmarksUITests;
			productReference = 3FFD3CDB2BD0DB48005D1138 /* LandmarksUITests.xctest */;
			productType = "com.apple.product-type.bundle.ui-testing";
		};
/* End PBXNativeTarget section */

/* Begin PBXProject section */
		3FFD3CB92BD0DB46005D1138 /* Project object */ = {
			isa = PBXProject;
			attributes = {
				BuildIndependentTargetsInParallel = 1;
				LastSwiftUpdateCheck = 1530;
				LastUpgradeCheck = 1530;
				TargetAttributes = {
					3FFD3CC02BD0DB46005D1138 = {
						CreatedOnToolsVersion = 15.3;
					};
					3FFD3CD02BD0DB48005D1138 = {
						CreatedOnToolsVersion = 15.3;
						TestTargetID = 3FFD3CC02BD0DB46005D1138;
					};
					3FFD3CDA2BD0DB48005D1138 = {
						CreatedOnToolsVersion = 15.3;
						TestTargetID = 3FFD3CC02BD0DB46005D1138;
					};
				};
			};
			buildConfigurationList = 3FFD3CBC2BD0DB46005D1138 /* Build configuration list for PBXProject "Landmarks" */;
			compatibilityVersion = "Xcode 14.0";
			developmentRegion = en;
			hasScannedForEncodings = 0;
			knownRegions = (
				en,
				Base,
			);
			mainGroup = 3FFD3CB82BD0DB46005D1138;
			productRefGroup = 3FFD3CC22BD0DB46005D1138 /* Products */;
			projectDirPath = "";
			projectRoot = "";
			targets = (
				3FFD3CC02BD0DB46005D1138 /* Landmarks */,
				3FFD3CD02BD0DB48005D1138 /* LandmarksTests */,
				3FFD3CDA2BD0DB48005D1138 /* LandmarksUITests */,
			);
		};
/* End PBXProject section */

/* Begin PBXResourcesBuildPhase section */
		3FFD3CBF2BD0DB46005D1138 /* Resources */ = {
			isa = PBXResourcesBuildPhase;
			buildActionMask = 2147483647;
			files = (
				3FB7336B2BDA16AA00F472F0 /* hikeData.json in Resources */,
				3FFD3CCC2BD0DB47005D1138 /* Preview Assets.xcassets in Resources */,
				3FFD3CC92BD0DB47005D1138 /* Assets.xcassets in Resources */,
				3FFD3CF52BD0EF93005D1138 /* landmarkData.json in Resources */,
			);
			runOnlyForDeploymentPostprocessing = 0;
		};
		3FFD3CCF2BD0DB48005D1138 /* Resources */ = {
			isa = PBXResourcesBuildPhase;
			buildActionMask = 2147483647;
			files = (
			);
			runOnlyForDeploymentPostprocessing = 0;
		};
		3FFD3CD92BD0DB48005D1138 /* Resources */ = {
			isa = PBXResourcesBuildPhase;
			buildActionMask = 2147483647;
			files = (
			);
			runOnlyForDeploymentPostprocessing = 0;
		};
/* End PBXResourcesBuildPhase section */

/* Begin PBXSourcesBuildPhase section */
		3FFD3CBD2BD0DB46005D1138 /* Sources */ = {
			isa = PBXSourcesBuildPhase;
			buildActionMask = 2147483647;
			files = (
				3FFD3CC72BD0DB46005D1138 /* ContentView.swift in Sources */,
				3FB733682BDA149A00F472F0 /* Badge.swift in Sources */,
				3FFD3CF32BD0E840005D1138 /* MapView.swift in Sources */,
				3FB733732BDA180600F472F0 /* GraphCapsule.swift in Sources */,
				3FB733752BDA180600F472F0 /* HikeGraph.swift in Sources */,
				3FFD3CC52BD0DB46005D1138 /* LandmarksApp.swift in Sources */,
				3FA2EA082BD219FD00AB3EF6 /* FavoriteButton.swift in Sources */,
				3FB733602BDA0D9700F472F0 /* HexagonParameters.swift in Sources */,
				3FB7336D2BDA16D800F472F0 /* Hike.swift in Sources */,
				3FB733662BDA140C00F472F0 /* RotatedBadgeSymbol.swift in Sources */,
				3FB733642BDA134F00F472F0 /* BadgeSymbol.swift in Sources */,
				3FA2EA042BD1FEBB00AB3EF6 /* LandmarkList.swift in Sources */,
				3FB733742BDA180600F472F0 /* HikeDetail.swift in Sources */,
				3FB733762BDA180600F472F0 /* HikeView.swift in Sources */,
				3FA2EA062BD2018100AB3EF6 /* LandmarkDetail.swift in Sources */,
				3FB733622BDA0EA400F472F0 /* BadgeBackground.swift in Sources */,
				3FFD3CF12BD0E740005D1138 /* CircleImage.swift in Sources */,
				3FFD3CF72BD0EFDA005D1138 /* Landmark.swift in Sources */,
				3FA2EA022BD1F8BF00AB3EF6 /* LandmarkRow.swift in Sources */,
				3FFD3CF92BD0F3F5005D1138 /* ModelData.swift in Sources */,
			);
			runOnlyForDeploymentPostprocessing = 0;
		};
		3FFD3CCD2BD0DB48005D1138 /* Sources */ = {
			isa = PBXSourcesBuildPhase;
			buildActionMask = 2147483647;
			files = (
				3FFD3CD62BD0DB48005D1138 /* LandmarksTests.swift in Sources */,
			);
			runOnlyForDeploymentPostprocessing = 0;
		};
		3FFD3CD72BD0DB48005D1138 /* Sources */ = {
			isa = PBXSourcesBuildPhase;
			buildActionMask = 2147483647;
			files = (
				3FFD3CE22BD0DB48005D1138 /* LandmarksUITestsLaunchTests.swift in Sources */,
				3FFD3CE02BD0DB48005D1138 /* LandmarksUITests.swift in Sources */,
			);
			runOnlyForDeploymentPostprocessing = 0;
		};
/* End PBXSourcesBuildPhase section */

/* Begin PBXTargetDependency section */
		3FFD3CD32BD0DB48005D1138 /* PBXTargetDependency */ = {
			isa = PBXTargetDependency;
			target = 3FFD3CC02BD0DB46005D1138 /* Landmarks */;
			targetProxy = 3FFD3CD22BD0DB48005D1138 /* PBXContainerItemProxy */;
		};
		3FFD3CDD2BD0DB48005D1138 /* PBXTargetDependency */ = {
			isa = PBXTargetDependency;
			target = 3FFD3CC02BD0DB46005D1138 /* Landmarks */;
			targetProxy = 3FFD3CDC2BD0DB48005D1138 /* PBXContainerItemProxy */;
		};
/* End PBXTargetDependency section */

/* Begin XCBuildConfiguration section */
		3FFD3CE32BD0DB48005D1138 /* Debug */ = {
			isa = XCBuildConfiguration;
			buildSettings = {
				ALWAYS_SEARCH_USER_PATHS = NO;
				ASSETCATALOG_COMPILER_GENERATE_SWIFT_ASSET_SYMBOL_EXTENSIONS = YES;
				CLANG_ANALYZER_NONNULL = YES;
				CLANG_ANALYZER_NUMBER_OBJECT_CONVERSION = YES_AGGRESSIVE;
				CLANG_CXX_LANGUAGE_STANDARD = "gnu++20";
				CLANG_ENABLE_MODULES = YES;
				CLANG_ENABLE_OBJC_ARC = YES;
				CLANG_ENABLE_OBJC_WEAK = YES;
				CLANG_WARN_BLOCK_CAPTURE_AUTORELEASING = YES;
				CLANG_WARN_BOOL_CONVERSION = YES;
				CLANG_WARN_COMMA = YES;
				CLANG_WARN_CONSTANT_CONVERSION = YES;
				CLANG_WARN_DEPRECATED_OBJC_IMPLEMENTATIONS = YES;
				CLANG_WARN_DIRECT_OBJC_ISA_USAGE = YES_ERROR;
				CLANG_WARN_DOCUMENTATION_COMMENTS = YES;
				CLANG_WARN_EMPTY_BODY = YES;
				CLANG_WARN_ENUM_CONVERSION = YES;
				CLANG_WARN_INFINITE_RECURSION = YES;
				CLANG_WARN_INT_CONVERSION = YES;
				CLANG_WARN_NON_LITERAL_NULL_CONVERSION = YES;
				CLANG_WARN_OBJC_IMPLICIT_RETAIN_SELF = YES;
				CLANG_WARN_OBJC_LITERAL_CONVERSION = YES;
				CLANG_WARN_OBJC_ROOT_CLASS = YES_ERROR;
				CLANG_WARN_QUOTED_INCLUDE_IN_FRAMEWORK_HEADER = YES;
				CLANG_WARN_RANGE_LOOP_ANALYSIS = YES;
				CLANG_WARN_STRICT_PROTOTYPES = YES;
				CLANG_WARN_SUSPICIOUS_MOVE = YES;
				CLANG_WARN_UNGUARDED_AVAILABILITY = YES_AGGRESSIVE;
				CLANG_WARN_UNREACHABLE_CODE = YES;
				CLANG_WARN__DUPLICATE_METHOD_MATCH = YES;
				COPY_PHASE_STRIP = NO;
				DEBUG_INFORMATION_FORMAT = dwarf;
				ENABLE_STRICT_OBJC_MSGSEND = YES;
				ENABLE_TESTABILITY = YES;
				ENABLE_USER_SCRIPT_SANDBOXING = YES;
				GCC_C_LANGUAGE_STANDARD = gnu17;
				GCC_DYNAMIC_NO_PIC = NO;
				GCC_NO_COMMON_BLOCKS = YES;
				GCC_OPTIMIZATION_LEVEL = 0;
				GCC_PREPROCESSOR_DEFINITIONS = (
					"DEBUG=1",
					"$(inherited)",
				);
				GCC_WARN_64_TO_32_BIT_CONVERSION = YES;
				GCC_WARN_ABOUT_RETURN_TYPE = YES_ERROR;
				GCC_WARN_UNDECLARED_SELECTOR = YES;
				GCC_WARN_UNINITIALIZED_AUTOS = YES_AGGRESSIVE;
				GCC_WARN_UNUSED_FUNCTION = YES;
				GCC_WARN_UNUSED_VARIABLE = YES;
				IPHONEOS_DEPLOYMENT_TARGET = 17.4;
				LOCALIZATION_PREFERS_STRING_CATALOGS = YES;
				MTL_ENABLE_DEBUG_INFO = INCLUDE_SOURCE;
				MTL_FAST_MATH = YES;
				ONLY_ACTIVE_ARCH = YES;
				SDKROOT = iphoneos;
				SWIFT_ACTIVE_COMPILATION_CONDITIONS = "DEBUG $(inherited)";
				SWIFT_OPTIMIZATION_LEVEL = "-Onone";
			};
			name = Debug;
		};
		3FFD3CE42BD0DB48005D1138 /* Release */ = {
			isa = XCBuildConfiguration;
			buildSettings = {
				ALWAYS_SEARCH_USER_PATHS = NO;
				ASSETCATALOG_COMPILER_GENERATE_SWIFT_ASSET_SYMBOL_EXTENSIONS = YES;
				CLANG_ANALYZER_NONNULL = YES;
				CLANG_ANALYZER_NUMBER_OBJECT_CONVERSION = YES_AGGRESSIVE;
				CLANG_CXX_LANGUAGE_STANDARD = "gnu++20";
				CLANG_ENABLE_MODULES = YES;
				CLANG_ENABLE_OBJC_ARC = YES;
				CLANG_ENABLE_OBJC_WEAK = YES;
				CLANG_WARN_BLOCK_CAPTURE_AUTORELEASING = YES;
				CLANG_WARN_BOOL_CONVERSION = YES;
				CLANG_WARN_COMMA = YES;
				CLANG_WARN_CONSTANT_CONVERSION = YES;
				CLANG_WARN_DEPRECATED_OBJC_IMPLEMENTATIONS = YES;
				CLANG_WARN_DIRECT_OBJC_ISA_USAGE = YES_ERROR;
				CLANG_WARN_DOCUMENTATION_COMMENTS = YES;
				CLANG_WARN_EMPTY_BODY = YES;
				CLANG_WARN_ENUM_CONVERSION = YES;
				CLANG_WARN_INFINITE_RECURSION = YES;
				CLANG_WARN_INT_CONVERSION = YES;
				CLANG_WARN_NON_LITERAL_NULL_CONVERSION = YES;
				CLANG_WARN_OBJC_IMPLICIT_RETAIN_SELF = YES;
				CLANG_WARN_OBJC_LITERAL_CONVERSION = YES;
				CLANG_WARN_OBJC_ROOT_CLASS = YES_ERROR;
				CLANG_WARN_QUOTED_INCLUDE_IN_FRAMEWORK_HEADER = YES;
				CLANG_WARN_RANGE_LOOP_ANALYSIS = YES;
				CLANG_WARN_STRICT_PROTOTYPES = YES;
				CLANG_WARN_SUSPICIOUS_MOVE = YES;
				CLANG_WARN_UNGUARDED_AVAILABILITY = YES_AGGRESSIVE;
				CLANG_WARN_UNREACHABLE_CODE = YES;
				CLANG_WARN__DUPLICATE_METHOD_MATCH = YES;
				COPY_PHASE_STRIP = NO;
				DEBUG_INFORMATION_FORMAT = "dwarf-with-dsym";
				ENABLE_NS_ASSERTIONS = NO;
				ENABLE_STRICT_OBJC_MSGSEND = YES;
				ENABLE_USER_SCRIPT_SANDBOXING = YES;
				GCC_C_LANGUAGE_STANDARD = gnu17;
				GCC_NO_COMMON_BLOCKS = YES;
				GCC_WARN_64_TO_32_BIT_CONVERSION = YES;
				GCC_WARN_ABOUT_RETURN_TYPE = YES_ERROR;
				GCC_WARN_UNDECLARED_SELECTOR = YES;
				GCC_WARN_UNINITIALIZED_AUTOS = YES_AGGRESSIVE;
				GCC_WARN_UNUSED_FUNCTION = YES;
				GCC_WARN_UNUSED_VARIABLE = YES;
				IPHONEOS_DEPLOYMENT_TARGET = 17.4;
				LOCALIZATION_PREFERS_STRING_CATALOGS = YES;
				MTL_ENABLE_DEBUG_INFO = NO;
				MTL_FAST_MATH = YES;
				SDKROOT = iphoneos;
				SWIFT_COMPILATION_MODE = wholemodule;
				VALIDATE_PRODUCT = YES;
			};
			name = Release;
		};
		3FFD3CE62BD0DB48005D1138 /* Debug */ = {
			isa = XCBuildConfiguration;
			buildSettings = {
				ASSETCATALOG_COMPILER_APPICON_NAME = AppIcon;
				ASSETCATALOG_COMPILER_GLOBAL_ACCENT_COLOR_NAME = AccentColor;
				CODE_SIGN_STYLE = Automatic;
				CURRENT_PROJECT_VERSION = 1;
				DEVELOPMENT_ASSET_PATHS = "\"Landmarks/Preview Content\"";
				ENABLE_PREVIEWS = YES;
				GENERATE_INFOPLIST_FILE = YES;
				INFOPLIST_KEY_UIApplicationSceneManifest_Generation = YES;
				INFOPLIST_KEY_UIApplicationSupportsIndirectInputEvents = YES;
				INFOPLIST_KEY_UILaunchScreen_Generation = YES;
				INFOPLIST_KEY_UISupportedInterfaceOrientations_iPad = "UIInterfaceOrientationPortrait UIInterfaceOrientationPortraitUpsideDown UIInterfaceOrientationLandscapeLeft UIInterfaceOrientationLandscapeRight";
				INFOPLIST_KEY_UISupportedInterfaceOrientations_iPhone = "UIInterfaceOrientationPortrait UIInterfaceOrientationLandscapeLeft UIInterfaceOrientationLandscapeRight";
				LD_RUNPATH_SEARCH_PATHS = (
					"$(inherited)",
					"@executable_path/Frameworks",
				);
				MARKETING_VERSION = 1.0;
				PRODUCT_BUNDLE_IDENTIFIER = nothing.Landmarks;
				PRODUCT_NAME = "$(TARGET_NAME)";
				SWIFT_EMIT_LOC_STRINGS = YES;
				SWIFT_VERSION = 5.0;
				TARGETED_DEVICE_FAMILY = "1,2";
			};
			name = Debug;
		};
		3FFD3CE72BD0DB48005D1138 /* Release */ = {
			isa = XCBuildConfiguration;
			buildSettings = {
				ASSETCATALOG_COMPILER_APPICON_NAME = AppIcon;
				ASSETCATALOG_COMPILER_GLOBAL_ACCENT_COLOR_NAME = AccentColor;
				CODE_SIGN_STYLE = Automatic;
				CURRENT_PROJECT_VERSION = 1;
				DEVELOPMENT_ASSET_PATHS = "\"Landmarks/Preview Content\"";
				ENABLE_PREVIEWS = YES;
				GENERATE_INFOPLIST_FILE = YES;
				INFOPLIST_KEY_UIApplicationSceneManifest_Generation = YES;
				INFOPLIST_KEY_UIApplicationSupportsIndirectInputEvents = YES;
				INFOPLIST_KEY_UILaunchScreen_Generation = YES;
				INFOPLIST_KEY_UISupportedInterfaceOrientations_iPad = "UIInterfaceOrientationPortrait UIInterfaceOrientationPortraitUpsideDown UIInterfaceOrientationLandscapeLeft UIInterfaceOrientationLandscapeRight";
				INFOPLIST_KEY_UISupportedInterfaceOrientations_iPhone = "UIInterfaceOrientationPortrait UIInterfaceOrientationLandscapeLeft UIInterfaceOrientationLandscapeRight";
				LD_RUNPATH_SEARCH_PATHS = (
					"$(inherited)",
					"@executable_path/Frameworks",
				);
				MARKETING_VERSION = 1.0;
				PRODUCT_BUNDLE_IDENTIFIER = nothing.Landmarks;
				PRODUCT_NAME = "$(TARGET_NAME)";
				SWIFT_EMIT_LOC_STRINGS = YES;
				SWIFT_VERSION = 5.0;
				TARGETED_DEVICE_FAMILY = "1,2";
			};
			name = Release;
		};
		3FFD3CE92BD0DB48005D1138 /* Debug */ = {
			isa = XCBuildConfiguration;
			buildSettings = {
				ALWAYS_EMBED_SWIFT_STANDARD_LIBRARIES = YES;
				BUNDLE_LOADER = "$(TEST_HOST)";
				CODE_SIGN_STYLE = Automatic;
				CURRENT_PROJECT_VERSION = 1;
				GENERATE_INFOPLIST_FILE = YES;
				IPHONEOS_DEPLOYMENT_TARGET = 17.4;
				MARKETING_VERSION = 1.0;
				PRODUCT_BUNDLE_IDENTIFIER = nothing.LandmarksTests;
				PRODUCT_NAME = "$(TARGET_NAME)";
				SWIFT_EMIT_LOC_STRINGS = NO;
				SWIFT_VERSION = 5.0;
				TARGETED_DEVICE_FAMILY = "1,2";
				TEST_HOST = "$(BUILT_PRODUCTS_DIR)/Landmarks.app/$(BUNDLE_EXECUTABLE_FOLDER_PATH)/Landmarks";
			};
			name = Debug;
		};
		3FFD3CEA2BD0DB48005D1138 /* Release */ = {
			isa = XCBuildConfiguration;
			buildSettings = {
				ALWAYS_EMBED_SWIFT_STANDARD_LIBRARIES = YES;
				BUNDLE_LOADER = "$(TEST_HOST)";
				CODE_SIGN_STYLE = Automatic;
				CURRENT_PROJECT_VERSION = 1;
				GENERATE_INFOPLIST_FILE = YES;
				IPHONEOS_DEPLOYMENT_TARGET = 17.4;
				MARKETING_VERSION = 1.0;
				PRODUCT_BUNDLE_IDENTIFIER = nothing.LandmarksTests;
				PRODUCT_NAME = "$(TARGET_NAME)";
				SWIFT_EMIT_LOC_STRINGS = NO;
				SWIFT_VERSION = 5.0;
				TARGETED_DEVICE_FAMILY = "1,2";
				TEST_HOST = "$(BUILT_PRODUCTS_DIR)/Landmarks.app/$(BUNDLE_EXECUTABLE_FOLDER_PATH)/Landmarks";
			};
			name = Release;
		};
		3FFD3CEC2BD0DB48005D1138 /* Debug */ = {
			isa = XCBuildConfiguration;
			buildSettings = {
				ALWAYS_EMBED_SWIFT_STANDARD_LIBRARIES = YES;
				CODE_SIGN_STYLE = Automatic;
				CURRENT_PROJECT_VERSION = 1;
				GENERATE_INFOPLIST_FILE = YES;
				MARKETING_VERSION = 1.0;
				PRODUCT_BUNDLE_IDENTIFIER = nothing.LandmarksUITests;
				PRODUCT_NAME = "$(TARGET_NAME)";
				SWIFT_EMIT_LOC_STRINGS = NO;
				SWIFT_VERSION = 5.0;
				TARGETED_DEVICE_FAMILY = "1,2";
				TEST_TARGET_NAME = Landmarks;
			};
			name = Debug;
		};
		3FFD3CED2BD0DB48005D1138 /* Release */ = {
			isa = XCBuildConfiguration;
			buildSettings = {
				ALWAYS_EMBED_SWIFT_STANDARD_LIBRARIES = YES;
				CODE_SIGN_STYLE = Automatic;
				CURRENT_PROJECT_VERSION = 1;
				GENERATE_INFOPLIST_FILE = YES;
				MARKETING_VERSION = 1.0;
				PRODUCT_BUNDLE_IDENTIFIER = nothing.LandmarksUITests;
				PRODUCT_NAME = "$(TARGET_NAME)";
				SWIFT_EMIT_LOC_STRINGS = NO;
				SWIFT_VERSION = 5.0;
				TARGETED_DEVICE_FAMILY = "1,2";
				TEST_TARGET_NAME = Landmarks;
			};
			name = Release;
		};
/* End XCBuildConfiguration section */

/* Begin XCConfigurationList section */
		3FFD3CBC2BD0DB46005D1138 /* Build configuration list for PBXProject "Landmarks" */ = {
			isa = XCConfigurationList;
			buildConfigurations = (
				3FFD3CE32BD0DB48005D1138 /* Debug */,
				3FFD3CE42BD0DB48005D1138 /* Release */,
			);
			defaultConfigurationIsVisible = 0;
			defaultConfigurationName = Release;
		};
		3FFD3CE52BD0DB48005D1138 /* Build configuration list for PBXNativeTarget "Landmarks" */ = {
			isa = XCConfigurationList;
			buildConfigurations = (
				3FFD3CE62BD0DB48005D1138 /* Debug */,
				3FFD3CE72BD0DB48005D1138 /* Release */,
			);
			defaultConfigurationIsVisible = 0;
			defaultConfigurationName = Release;
		};
		3FFD3CE82BD0DB48005D1138 /* Build configuration list for PBXNativeTarget "LandmarksTests" */ = {
			isa = XCConfigurationList;
			buildConfigurations = (
				3FFD3CE92BD0DB48005D1138 /* Debug */,
				3FFD3CEA2BD0DB48005D1138 /* Release */,
			);
			defaultConfigurationIsVisible = 0;
			defaultConfigurationName = Release;
		};
		3FFD3CEB2BD0DB48005D1138 /* Build configuration list for PBXNativeTarget "LandmarksUITests" */ = {
			isa = XCConfigurationList;
			buildConfigurations = (
				3FFD3CEC2BD0DB48005D1138 /* Debug */,
				3FFD3CED2BD0DB48005D1138 /* Release */,
			);
			defaultConfigurationIsVisible = 0;
			defaultConfigurationName = Release;
		};
/* End XCConfigurationList section */
	};
	rootObject = 3FFD3CB92BD0DB46005D1138 /* Project object */;
}
